{
  "requires": true,
  "lockfileVersion": 1,
  "dependencies": {
    "@stencil/core": {
      "version": "1.11.2",
      "resolved": "http://nexus.innofis.local/repository/npm-all/@stencil/core/-/core-1.11.2.tgz",
      "integrity": "sha512-jF06JqUYa6Rt2kA4CTMY44WEmU+Nqw9lK9EYSCFZLzRg2lIG6i1hsn+zsH/Z9hQe8HDsZsQzr2MTlQCrTXCW9w==",
      "requires": {
        "typescript": "3.8.3"
      }
    },
    "typescript": {
      "version": "3.8.3",
      "resolved": "http://nexus.innofis.local/repository/npm-all/typescript/-/typescript-3.8.3.tgz",
      "integrity": "sha512-MYlEfn5VrLNsgudQTVJeNaQFUAI7DkhnOjdpAp4T+ku1TfQClewlbSuTVHiA+8skNBgaf02TL/kLOvig4y3G8w=="
    }
  }
}
